
Microsoft Visual Studio Solution File, Format Version 12.00
# Visual Studio Version 16
VisualStudioVersion = 16.0.31321.278
MinimumVisualStudioVersion = 10.0.40219.1
Project("{9A19103F-16F7-4668-BE54-9A1E7A4F7556}") = "CorewebAPI", "CorewebAPI\CorewebAPI.csproj", "{3B6EB8CB-5358-4CBC-B173-0550AE2AAE02}"
EndProject
Project("{9A19103F-16F7-4668-BE54-9A1E7A4F7556}") = "CorewebAPI.Helper", "CorewebAPI.Helper\CorewebAPI.Helper.csproj", "{17A6F885-95BF-4FEE-9E70-A4E3DB7230A8}"
EndProject
Project("{9A19103F-16F7-4668-BE54-9A1E7A4F7556}") = "CorewebAPI.LoggerService", "CorewebAPI.LoggerService\CorewebAPI.LoggerService.csproj", "{31011102-94B7-45F2-8059-E3484F66FCAB}"
EndProject
Project("{9A19103F-16F7-4668-BE54-9A1E7A4F7556}") = "CorewebAPI.Entities", "CorewebAPI.Entities\CorewebAPI.Entities.csproj", "{BF428877-33E9-4CF6-9188-BD6AF208BD57}"
EndProject
Project("{9A19103F-16F7-4668-BE54-9A1E7A4F7556}") = "CorewebAPI.Contracts", "CorewebAPI.Contracts\CorewebAPI.Contracts.csproj", "{A82CDC44-843B-44C7-9548-BDF00323330F}"
EndProject
Project("{FAE04EC0-301F-11D3-BF4B-00C04F79EFBC}") = "CorewebAPI.Repository", "CorewebAPI.Repository\CorewebAPI.Repository.csproj", "{57192FB2-8382-4388-A1B3-A518830D244C}"
EndProject
Global
	GlobalSection(SolutionConfigurationPlatforms) = preSolution
		Debug|Any CPU = Debug|Any CPU
		Release|Any CPU = Release|Any CPU
	EndGlobalSection
	GlobalSection(ProjectConfigurationPlatforms) = postSolution
		{3B6EB8CB-5358-4CBC-B173-0550AE2AAE02}.Debug|Any CPU.ActiveCfg = Debug|Any CPU
		{3B6EB8CB-5358-4CBC-B173-0550AE2AAE02}.Debug|Any CPU.Build.0 = Debug|Any CPU
		{3B6EB8CB-5358-4CBC-B173-0550AE2AAE02}.Release|Any CPU.ActiveCfg = Release|Any CPU
		{3B6EB8CB-5358-4CBC-B173-0550AE2AAE02}.Release|Any CPU.Build.0 = Release|Any CPU
		{17A6F885-95BF-4FEE-9E70-A4E3DB7230A8}.Debug|Any CPU.ActiveCfg = Debug|Any CPU
		{17A6F885-95BF-4FEE-9E70-A4E3DB7230A8}.Debug|Any CPU.Build.0 = Debug|Any CPU
		{17A6F885-95BF-4FEE-9E70-A4E3DB7230A8}.Release|Any CPU.ActiveCfg = Release|Any CPU
		{17A6F885-95BF-4FEE-9E70-A4E3DB7230A8}.Release|Any CPU.Build.0 = Release|Any CPU
		{31011102-94B7-45F2-8059-E3484F66FCAB}.Debug|Any CPU.ActiveCfg = Debug|Any CPU
		{31011102-94B7-45F2-8059-E3484F66FCAB}.Debug|Any CPU.Build.0 = Debug|Any CPU
		{31011102-94B7-45F2-8059-E3484F66FCAB}.Release|Any CPU.ActiveCfg = Release|Any CPU
		{31011102-94B7-45F2-8059-E3484F66FCAB}.Release|Any CPU.Build.0 = Release|Any CPU
		{BF428877-33E9-4CF6-9188-BD6AF208BD57}.Debug|Any CPU.ActiveCfg = Debug|Any CPU
		{BF428877-33E9-4CF6-9188-BD6AF208BD57}.Debug|Any CPU.Build.0 = Debug|Any CPU
		{BF428877-33E9-4CF6-9188-BD6AF208BD57}.Release|Any CPU.ActiveCfg = Release|Any CPU
		{BF428877-33E9-4CF6-9188-BD6AF208BD57}.Release|Any CPU.Build.0 = Release|Any CPU
		{A82CDC44-843B-44C7-9548-BDF00323330F}.Debug|Any CPU.ActiveCfg = Debug|Any CPU
		{A82CDC44-843B-44C7-9548-BDF00323330F}.Debug|Any CPU.Build.0 = Debug|Any CPU
		{A82CDC44-843B-44C7-9548-BDF00323330F}.Release|Any CPU.ActiveCfg = Release|Any CPU
		{A82CDC44-843B-44C7-9548-BDF00323330F}.Release|Any CPU.Build.0 = Release|Any CPU
		{57192FB2-8382-4388-A1B3-A518830D244C}.Debug|Any CPU.ActiveCfg = Debug|Any CPU
		{57192FB2-8382-4388-A1B3-A518830D244C}.Debug|Any CPU.Build.0 = Debug|Any CPU
		{57192FB2-8382-4388-A1B3-A518830D244C}.Release|Any CPU.ActiveCfg = Release|Any CPU
		{57192FB2-8382-4388-A1B3-A518830D244C}.Release|Any CPU.Build.0 = Release|Any CPU
	EndGlobalSection
	GlobalSection(SolutionProperties) = preSolution
		HideSolutionNode = FALSE
	EndGlobalSection
	GlobalSection(ExtensibilityGlobals) = postSolution
		SolutionGuid = {4845C371-D158-4E70-BFDA-878E5F59CCDD}
	EndGlobalSection
EndGlobal
